
Microsoft Visual Studio Solution File, Format Version 12.00
# Visual Studio Version 17
VisualStudioVersion = 17.7.34031.279
MinimumVisualStudioVersion = 10.0.40219.1
Project("{FAE04EC0-301F-11D3-BF4B-00C04F79EFBC}") = "Kisiselweb", "Kisiselweb\Kisiselweb.csproj", "{B9F56FA2-A233-4CD5-B84B-2837C8670638}"
EndProject
Global
	GlobalSection(SolutionConfigurationPlatforms) = preSolution
		Debug|Any CPU = Debug|Any CPU
		Release|Any CPU = Release|Any CPU
	EndGlobalSection
	GlobalSection(ProjectConfigurationPlatforms) = postSolution
		{B9F56FA2-A233-4CD5-B84B-2837C8670638}.Debug|Any CPU.ActiveCfg = Debug|Any CPU
		{B9F56FA2-A233-4CD5-B84B-2837C8670638}.Debug|Any CPU.Build.0 = Debug|Any CPU
		{B9F56FA2-A233-4CD5-B84B-2837C8670638}.Release|Any CPU.ActiveCfg = Release|Any CPU
		{B9F56FA2-A233-4CD5-B84B-2837C8670638}.Release|Any CPU.Build.0 = Release|Any CPU
	EndGlobalSection
	GlobalSection(SolutionProperties) = preSolution
		HideSolutionNode = FALSE
	EndGlobalSection
	GlobalSection(ExtensibilityGlobals) = postSolution
		SolutionGuid = {F7E871AD-99A9-47E6-A960-D7BBAFDC569D}
	EndGlobalSection
EndGlobal
